
Microsoft Visual Studio Solution File, Format Version 12.00
# Visual Studio 15
Project("{FAE04EC0-301F-11D3-BF4B-00C04F79EFBC}") = "Assembly-CSharp", "Assembly-CSharp.csproj", "{3432B846-459E-7402-EED4-A73AFAB73FB6}"
EndProject
Project("{FAE04EC0-301F-11D3-BF4B-00C04F79EFBC}") = "Assembly-CSharp-firstpass", "Assembly-CSharp-firstpass.csproj", "{2217305B-4498-7B43-20FE-56DB9001D0C4}"
EndProject
Project("{FAE04EC0-301F-11D3-BF4B-00C04F79EFBC}") = "Assembly-CSharp-Editor-firstpass", "Assembly-CSharp-Editor-firstpass.csproj", "{F11EBA41-633D-447B-A529-9144549A67E4}"
EndProject
Project("{FAE04EC0-301F-11D3-BF4B-00C04F79EFBC}") = "Assembly-CSharp-Editor", "Assembly-CSharp-Editor.csproj", "{248E8BAE-D0DB-9A69-6DC6-2DB1FA65F57D}"
EndProject
Global
	GlobalSection(SolutionConfigurationPlatforms) = preSolution
		Debug|Any CPU = Debug|Any CPU
		Release|Any CPU = Release|Any CPU
	EndGlobalSection
	GlobalSection(ProjectConfigurationPlatforms) = postSolution
		{3432B846-459E-7402-EED4-A73AFAB73FB6}.Debug|Any CPU.ActiveCfg = Debug|Any CPU
		{3432B846-459E-7402-EED4-A73AFAB73FB6}.Debug|Any CPU.Build.0 = Debug|Any CPU
		{3432B846-459E-7402-EED4-A73AFAB73FB6}.Release|Any CPU.ActiveCfg = Release|Any CPU
		{3432B846-459E-7402-EED4-A73AFAB73FB6}.Release|Any CPU.Build.0 = Release|Any CPU
		{2217305B-4498-7B43-20FE-56DB9001D0C4}.Debug|Any CPU.ActiveCfg = Debug|Any CPU
		{2217305B-4498-7B43-20FE-56DB9001D0C4}.Debug|Any CPU.Build.0 = Debug|Any CPU
		{2217305B-4498-7B43-20FE-56DB9001D0C4}.Release|Any CPU.ActiveCfg = Release|Any CPU
		{2217305B-4498-7B43-20FE-56DB9001D0C4}.Release|Any CPU.Build.0 = Release|Any CPU
		{F11EBA41-633D-447B-A529-9144549A67E4}.Debug|Any CPU.ActiveCfg = Debug|Any CPU
		{F11EBA41-633D-447B-A529-9144549A67E4}.Debug|Any CPU.Build.0 = Debug|Any CPU
		{F11EBA41-633D-447B-A529-9144549A67E4}.Release|Any CPU.ActiveCfg = Release|Any CPU
		{F11EBA41-633D-447B-A529-9144549A67E4}.Release|Any CPU.Build.0 = Release|Any CPU
		{248E8BAE-D0DB-9A69-6DC6-2DB1FA65F57D}.Debug|Any CPU.ActiveCfg = Debug|Any CPU
		{248E8BAE-D0DB-9A69-6DC6-2DB1FA65F57D}.Debug|Any CPU.Build.0 = Debug|Any CPU
		{248E8BAE-D0DB-9A69-6DC6-2DB1FA65F57D}.Release|Any CPU.ActiveCfg = Release|Any CPU
		{248E8BAE-D0DB-9A69-6DC6-2DB1FA65F57D}.Release|Any CPU.Build.0 = Release|Any CPU
	EndGlobalSection
	GlobalSection(SolutionProperties) = preSolution
		HideSolutionNode = FALSE
	EndGlobalSection
EndGlobal
